
Microsoft Visual Studio Solution File, Format Version 12.00
# Visual Studio 15
VisualStudioVersion = 15.0.28010.2036
MinimumVisualStudioVersion = 10.0.40219.1
Project("{9A19103F-16F7-4668-BE54-9A1E7A4F7556}") = "CRMTestAPI", "CRMTestAPI\CRMTestAPI.csproj", "{546A2FBD-E8A0-4701-A637-A6E9D186E87F}"
EndProject
Project("{9A19103F-16F7-4668-BE54-9A1E7A4F7556}") = "LoggerService", "LoggerService\LoggerService.csproj", "{106FA922-09C7-41C9-B4A1-28CD50192842}"
EndProject
Project("{9A19103F-16F7-4668-BE54-9A1E7A4F7556}") = "ExceptionMiddleware", "ExceptionMiddleware\ExceptionMiddleware.csproj", "{50CAEE8F-215A-4BC1-BCC0-748142E388A2}"
EndProject
Project("{9A19103F-16F7-4668-BE54-9A1E7A4F7556}") = "Entities", "Entities\Entities.csproj", "{EC9E333A-D375-427A-A903-14067FC2BE0F}"
EndProject
Project("{9A19103F-16F7-4668-BE54-9A1E7A4F7556}") = "Tests", "Tests\Tests.csproj", "{AC1B6B0B-9772-47E1-9072-FDF05CCA20E1}"
EndProject
Project("{9A19103F-16F7-4668-BE54-9A1E7A4F7556}") = "Integration", "Integration\Integration.csproj", "{B723062B-209B-44B2-999B-0207793F0A52}"
EndProject
Project("{9A19103F-16F7-4668-BE54-9A1E7A4F7556}") = "Repositories", "Repositories\Repositories.csproj", "{B67E7F90-5837-4AB0-A4A6-B8281FD8E10B}"
EndProject
Project("{9A19103F-16F7-4668-BE54-9A1E7A4F7556}") = "ActionFilters", "ActionFilters\ActionFilters.csproj", "{9DD3706A-7A4F-47B9-8851-56D5FCD80558}"
EndProject
Project("{9A19103F-16F7-4668-BE54-9A1E7A4F7556}") = "Security", "Security\Security.csproj", "{FE0AD866-D426-4614-B513-EE88AA1F549E}"
EndProject
Project("{FAE04EC0-301F-11D3-BF4B-00C04F79EFBC}") = "FileSystemService", "FileSystemService\FileSystemService.csproj", "{519753FF-4A58-4B59-B04A-451D44139F2D}"
EndProject
Global
	GlobalSection(SolutionConfigurationPlatforms) = preSolution
		Debug|Any CPU = Debug|Any CPU
		Release|Any CPU = Release|Any CPU
	EndGlobalSection
	GlobalSection(ProjectConfigurationPlatforms) = postSolution
		{546A2FBD-E8A0-4701-A637-A6E9D186E87F}.Debug|Any CPU.ActiveCfg = Debug|Any CPU
		{546A2FBD-E8A0-4701-A637-A6E9D186E87F}.Debug|Any CPU.Build.0 = Debug|Any CPU
		{546A2FBD-E8A0-4701-A637-A6E9D186E87F}.Release|Any CPU.ActiveCfg = Release|Any CPU
		{546A2FBD-E8A0-4701-A637-A6E9D186E87F}.Release|Any CPU.Build.0 = Release|Any CPU
		{106FA922-09C7-41C9-B4A1-28CD50192842}.Debug|Any CPU.ActiveCfg = Debug|Any CPU
		{106FA922-09C7-41C9-B4A1-28CD50192842}.Debug|Any CPU.Build.0 = Debug|Any CPU
		{106FA922-09C7-41C9-B4A1-28CD50192842}.Release|Any CPU.ActiveCfg = Release|Any CPU
		{106FA922-09C7-41C9-B4A1-28CD50192842}.Release|Any CPU.Build.0 = Release|Any CPU
		{50CAEE8F-215A-4BC1-BCC0-748142E388A2}.Debug|Any CPU.ActiveCfg = Debug|Any CPU
		{50CAEE8F-215A-4BC1-BCC0-748142E388A2}.Debug|Any CPU.Build.0 = Debug|Any CPU
		{50CAEE8F-215A-4BC1-BCC0-748142E388A2}.Release|Any CPU.ActiveCfg = Release|Any CPU
		{50CAEE8F-215A-4BC1-BCC0-748142E388A2}.Release|Any CPU.Build.0 = Release|Any CPU
		{EC9E333A-D375-427A-A903-14067FC2BE0F}.Debug|Any CPU.ActiveCfg = Debug|Any CPU
		{EC9E333A-D375-427A-A903-14067FC2BE0F}.Debug|Any CPU.Build.0 = Debug|Any CPU
		{EC9E333A-D375-427A-A903-14067FC2BE0F}.Release|Any CPU.ActiveCfg = Release|Any CPU
		{EC9E333A-D375-427A-A903-14067FC2BE0F}.Release|Any CPU.Build.0 = Release|Any CPU
		{AC1B6B0B-9772-47E1-9072-FDF05CCA20E1}.Debug|Any CPU.ActiveCfg = Debug|Any CPU
		{AC1B6B0B-9772-47E1-9072-FDF05CCA20E1}.Debug|Any CPU.Build.0 = Debug|Any CPU
		{AC1B6B0B-9772-47E1-9072-FDF05CCA20E1}.Release|Any CPU.ActiveCfg = Release|Any CPU
		{AC1B6B0B-9772-47E1-9072-FDF05CCA20E1}.Release|Any CPU.Build.0 = Release|Any CPU
		{B723062B-209B-44B2-999B-0207793F0A52}.Debug|Any CPU.ActiveCfg = Debug|Any CPU
		{B723062B-209B-44B2-999B-0207793F0A52}.Debug|Any CPU.Build.0 = Debug|Any CPU
		{B723062B-209B-44B2-999B-0207793F0A52}.Release|Any CPU.ActiveCfg = Release|Any CPU
		{B723062B-209B-44B2-999B-0207793F0A52}.Release|Any CPU.Build.0 = Release|Any CPU
		{B67E7F90-5837-4AB0-A4A6-B8281FD8E10B}.Debug|Any CPU.ActiveCfg = Debug|Any CPU
		{B67E7F90-5837-4AB0-A4A6-B8281FD8E10B}.Debug|Any CPU.Build.0 = Debug|Any CPU
		{B67E7F90-5837-4AB0-A4A6-B8281FD8E10B}.Release|Any CPU.ActiveCfg = Release|Any CPU
		{B67E7F90-5837-4AB0-A4A6-B8281FD8E10B}.Release|Any CPU.Build.0 = Release|Any CPU
		{9DD3706A-7A4F-47B9-8851-56D5FCD80558}.Debug|Any CPU.ActiveCfg = Debug|Any CPU
		{9DD3706A-7A4F-47B9-8851-56D5FCD80558}.Debug|Any CPU.Build.0 = Debug|Any CPU
		{9DD3706A-7A4F-47B9-8851-56D5FCD80558}.Release|Any CPU.ActiveCfg = Release|Any CPU
		{9DD3706A-7A4F-47B9-8851-56D5FCD80558}.Release|Any CPU.Build.0 = Release|Any CPU
		{FE0AD866-D426-4614-B513-EE88AA1F549E}.Debug|Any CPU.ActiveCfg = Debug|Any CPU
		{FE0AD866-D426-4614-B513-EE88AA1F549E}.Debug|Any CPU.Build.0 = Debug|Any CPU
		{FE0AD866-D426-4614-B513-EE88AA1F549E}.Release|Any CPU.ActiveCfg = Release|Any CPU
		{FE0AD866-D426-4614-B513-EE88AA1F549E}.Release|Any CPU.Build.0 = Release|Any CPU
		{519753FF-4A58-4B59-B04A-451D44139F2D}.Debug|Any CPU.ActiveCfg = Debug|Any CPU
		{519753FF-4A58-4B59-B04A-451D44139F2D}.Debug|Any CPU.Build.0 = Debug|Any CPU
		{519753FF-4A58-4B59-B04A-451D44139F2D}.Release|Any CPU.ActiveCfg = Release|Any CPU
		{519753FF-4A58-4B59-B04A-451D44139F2D}.Release|Any CPU.Build.0 = Release|Any CPU
	EndGlobalSection
	GlobalSection(SolutionProperties) = preSolution
		HideSolutionNode = FALSE
	EndGlobalSection
	GlobalSection(ExtensibilityGlobals) = postSolution
		SolutionGuid = {2ADD33F4-5C60-4BEB-A424-4C2CADB1ED4F}
	EndGlobalSection
EndGlobal
